
Microsoft Visual Studio Solution File, Format Version 12.00
# Visual Studio Version 17
VisualStudioVersion = 17.13.35931.197 d17.13
MinimumVisualStudioVersion = 10.0.40219.1
Project("{FAE04EC0-301F-11D3-BF4B-00C04F79EFBC}") = "back-office", "back-office.csproj", "{63C9E470-DB41-42EF-B683-E097A46D1F7E}"
EndProject
Global
	GlobalSection(SolutionConfigurationPlatforms) = preSolution
		Debug|Any CPU = Debug|Any CPU
		Release|Any CPU = Release|Any CPU
	EndGlobalSection
	GlobalSection(ProjectConfigurationPlatforms) = postSolution
		{63C9E470-DB41-42EF-B683-E097A46D1F7E}.Debug|Any CPU.ActiveCfg = Debug|Any CPU
		{63C9E470-DB41-42EF-B683-E097A46D1F7E}.Debug|Any CPU.Build.0 = Debug|Any CPU
		{63C9E470-DB41-42EF-B683-E097A46D1F7E}.Release|Any CPU.ActiveCfg = Release|Any CPU
		{63C9E470-DB41-42EF-B683-E097A46D1F7E}.Release|Any CPU.Build.0 = Release|Any CPU
	EndGlobalSection
	GlobalSection(SolutionProperties) = preSolution
		HideSolutionNode = FALSE
	EndGlobalSection
	GlobalSection(ExtensibilityGlobals) = postSolution
		SolutionGuid = {8B84D8C2-97A1-4554-8E7A-FCF89F04864F}
	EndGlobalSection
EndGlobal
